// !$*UTF8*$!
{
	archiveVersion = 1;
	classes = {
	};
	objectVersion = 50;
	objects = {

/* Begin PBXBuildFile section */
		37140E35223ABF0100945CEB /* AppDelegate.swift in Sources */ = {isa = PBXBuildFile; fileRef = 37140E34223ABF0100945CEB /* AppDelegate.swift */; };
		37140E37223ABF0100945CEB /* NewSchoolViewController.swift in Sources */ = {isa = PBXBuildFile; fileRef = 37140E36223ABF0100945CEB /* NewSchoolViewController.swift */; };
		37140E39223ABF0100945CEB /* NewTeamViewController.swift in Sources */ = {isa = PBXBuildFile; fileRef = 37140E38223ABF0100945CEB /* NewTeamViewController.swift */; };
		37140E3C223ABF0100945CEB /* Main.storyboard in Resources */ = {isa = PBXBuildFile; fileRef = 37140E3A223ABF0100945CEB /* Main.storyboard */; };
		37140E3E223ABF0200945CEB /* Assets.xcassets in Resources */ = {isa = PBXBuildFile; fileRef = 37140E3D223ABF0200945CEB /* Assets.xcassets */; };
		37140E41223ABF0200945CEB /* LaunchScreen.storyboard in Resources */ = {isa = PBXBuildFile; fileRef = 37140E3F223ABF0200945CEB /* LaunchScreen.storyboard */; };
		37140E49223AC03B00945CEB /* SchoolsTableViewController.swift in Sources */ = {isa = PBXBuildFile; fileRef = 37140E48223AC03B00945CEB /* SchoolsTableViewController.swift */; };
		37140E4B223AC78D00945CEB /* TeamsTableViewController.swift in Sources */ = {isa = PBXBuildFile; fileRef = 37140E4A223AC78D00945CEB /* TeamsTableViewController.swift */; };
		37140E4D223AC83100945CEB /* StudentsViewController.swift in Sources */ = {isa = PBXBuildFile; fileRef = 37140E4C223AC83100945CEB /* StudentsViewController.swift */; };
		37140E4F223ACC5200945CEB /* Team.swift in Sources */ = {isa = PBXBuildFile; fileRef = 37140E4E223ACC5200945CEB /* Team.swift */; };
		37140E51223ACF6800945CEB /* School.swift in Sources */ = {isa = PBXBuildFile; fileRef = 37140E50223ACF6800945CEB /* School.swift */; };
		37140E53223AD33600945CEB /* Schools.swift in Sources */ = {isa = PBXBuildFile; fileRef = 37140E52223AD33600945CEB /* Schools.swift */; };
/* End PBXBuildFile section */

/* Begin PBXFileReference section */
		37140E31223ABF0100945CEB /* The Most Awesome Northwest-KC Programming Contest.app */ = {isa = PBXFileReference; explicitFileType = wrapper.application; includeInIndex = 0; path = "The Most Awesome Northwest-KC Programming Contest.app"; sourceTree = BUILT_PRODUCTS_DIR; };
		37140E34223ABF0100945CEB /* AppDelegate.swift */ = {isa = PBXFileReference; lastKnownFileType = sourcecode.swift; path = AppDelegate.swift; sourceTree = "<group>"; };
		37140E36223ABF0100945CEB /* NewSchoolViewController.swift */ = {isa = PBXFileReference; lastKnownFileType = sourcecode.swift; path = NewSchoolViewController.swift; sourceTree = "<group>"; };
		37140E38223ABF0100945CEB /* NewTeamViewController.swift */ = {isa = PBXFileReference; lastKnownFileType = sourcecode.swift; path = NewTeamViewController.swift; sourceTree = "<group>"; };
		37140E3B223ABF0100945CEB /* Base */ = {isa = PBXFileReference; lastKnownFileType = file.storyboard; name = Base; path = Base.lproj/Main.storyboard; sourceTree = "<group>"; };
		37140E3D223ABF0200945CEB /* Assets.xcassets */ = {isa = PBXFileReference; lastKnownFileType = folder.assetcatalog; path = Assets.xcassets; sourceTree = "<group>"; };
		37140E40223ABF0200945CEB /* Base */ = {isa = PBXFileReference; lastKnownFileType = file.storyboard; name = Base; path = Base.lproj/LaunchScreen.storyboard; sourceTree = "<group>"; };
		37140E42223ABF0200945CEB /* Info.plist */ = {isa = PBXFileReference; lastKnownFileType = text.plist.xml; path = Info.plist; sourceTree = "<group>"; };
		37140E48223AC03B00945CEB /* SchoolsTableViewController.swift */ = {isa = PBXFileReference; lastKnownFileType = sourcecode.swift; path = SchoolsTableViewController.swift; sourceTree = "<group>"; };
		37140E4A223AC78D00945CEB /* TeamsTableViewController.swift */ = {isa = PBXFileReference; lastKnownFileType = sourcecode.swift; path = TeamsTableViewController.swift; sourceTree = "<group>"; };
		37140E4C223AC83100945CEB /* StudentsViewController.swift */ = {isa = PBXFileReference; lastKnownFileType = sourcecode.swift; path = StudentsViewController.swift; sourceTree = "<group>"; };
		37140E4E223ACC5200945CEB /* Team.swift */ = {isa = PBXFileReference; lastKnownFileType = sourcecode.swift; path = Team.swift; sourceTree = "<group>"; };
		37140E50223ACF6800945CEB /* School.swift */ = {isa = PBXFileReference; lastKnownFileType = sourcecode.swift; path = School.swift; sourceTree = "<group>"; };
		37140E52223AD33600945CEB /* Schools.swift */ = {isa = PBXFileReference; lastKnownFileType = sourcecode.swift; path = Schools.swift; sourceTree = "<group>"; };
/* End PBXFileReference section */

/* Begin PBXFrameworksBuildPhase section */
		37140E2E223ABF0100945CEB /* Frameworks */ = {
			isa = PBXFrameworksBuildPhase;
			buildActionMask = 2147483647;
			files = (
			);
			runOnlyForDeploymentPostprocessing = 0;
		};
/* End PBXFrameworksBuildPhase section */

/* Begin PBXGroup section */
		37140E28223ABF0100945CEB = {
			isa = PBXGroup;
			children = (
				37140E33223ABF0100945CEB /* The Most Awesome Northwest-KC Programming Contest */,
				37140E32223ABF0100945CEB /* Products */,
			);
			sourceTree = "<group>";
		};
		37140E32223ABF0100945CEB /* Products */ = {
			isa = PBXGroup;
			children = (
				37140E31223ABF0100945CEB /* The Most Awesome Northwest-KC Programming Contest.app */,
			);
			name = Products;
			sourceTree = "<group>";
		};
		37140E33223ABF0100945CEB /* The Most Awesome Northwest-KC Programming Contest */ = {
			isa = PBXGroup;
			children = (
				37140E34223ABF0100945CEB /* AppDelegate.swift */,
				37140E48223AC03B00945CEB /* SchoolsTableViewController.swift */,
				37140E4E223ACC5200945CEB /* Team.swift */,
				37140E50223ACF6800945CEB /* School.swift */,
				37140E52223AD33600945CEB /* Schools.swift */,
				37140E4A223AC78D00945CEB /* TeamsTableViewController.swift */,
				37140E36223ABF0100945CEB /* NewSchoolViewController.swift */,
				37140E38223ABF0100945CEB /* NewTeamViewController.swift */,
				37140E4C223AC83100945CEB /* StudentsViewController.swift */,
				37140E3A223ABF0100945CEB /* Main.storyboard */,
				37140E3D223ABF0200945CEB /* Assets.xcassets */,
				37140E3F223ABF0200945CEB /* LaunchScreen.storyboard */,
				37140E42223ABF0200945CEB /* Info.plist */,
			);
			path = "The Most Awesome Northwest-KC Programming Contest";
			sourceTree = "<group>";
		};
/* End PBXGroup section */

/* Begin PBXNativeTarget section */
		37140E30223ABF0100945CEB /* The Most Awesome Northwest-KC Programming Contest */ = {
			isa = PBXNativeTarget;
			buildConfigurationList = 37140E45223ABF0200945CEB /* Build configuration list for PBXNativeTarget "The Most Awesome Northwest-KC Programming Contest" */;
			buildPhases = (
				37140E2D223ABF0100945CEB /* Sources */,
				37140E2E223ABF0100945CEB /* Frameworks */,
				37140E2F223ABF0100945CEB /* Resources */,
			);
			buildRules = (
			);
			dependencies = (
			);
			name = "The Most Awesome Northwest-KC Programming Contest";
			productName = "The Most Awesome Northwest-KC Programming Contest";
			productReference = 37140E31223ABF0100945CEB /* The Most Awesome Northwest-KC Programming Contest.app */;
			productType = "com.apple.product-type.application";
		};
/* End PBXNativeTarget section */

/* Begin PBXProject section */
		37140E29223ABF0100945CEB /* Project object */ = {
			isa = PBXProject;
			attributes = {
				LastSwiftUpdateCheck = 1010;
				LastUpgradeCheck = 1010;
				ORGANIZATIONNAME = "Injamuri,Satyavrath";
				TargetAttributes = {
					37140E30223ABF0100945CEB = {
						CreatedOnToolsVersion = 10.1;
					};
				};
			};
			buildConfigurationList = 37140E2C223ABF0100945CEB /* Build configuration list for PBXProject "The Most Awesome Northwest-KC Programming Contest" */;
			compatibilityVersion = "Xcode 9.3";
			developmentRegion = en;
			hasScannedForEncodings = 0;
			knownRegions = (
				en,
				Base,
			);
			mainGroup = 37140E28223ABF0100945CEB;
			productRefGroup = 37140E32223ABF0100945CEB /* Products */;
			projectDirPath = "";
			projectRoot = "";
			targets = (
				37140E30223ABF0100945CEB /* The Most Awesome Northwest-KC Programming Contest */,
			);
		};
/* End PBXProject section */

/* Begin PBXResourcesBuildPhase section */
		37140E2F223ABF0100945CEB /* Resources */ = {
			isa = PBXResourcesBuildPhase;
			buildActionMask = 2147483647;
			files = (
				37140E41223ABF0200945CEB /* LaunchScreen.storyboard in Resources */,
				37140E3E223ABF0200945CEB /* Assets.xcassets in Resources */,
				37140E3C223ABF0100945CEB /* Main.storyboard in Resources */,
			);
			runOnlyForDeploymentPostprocessing = 0;
		};
/* End PBXResourcesBuildPhase section */

/* Begin PBXSourcesBuildPhase section */
		37140E2D223ABF0100945CEB /* Sources */ = {
			isa = PBXSourcesBuildPhase;
			buildActionMask = 2147483647;
			files = (
				37140E39223ABF0100945CEB /* NewTeamViewController.swift in Sources */,
				37140E35223ABF0100945CEB /* AppDelegate.swift in Sources */,
				37140E4F223ACC5200945CEB /* Team.swift in Sources */,
				37140E4D223AC83100945CEB /* StudentsViewController.swift in Sources */,
				37140E53223AD33600945CEB /* Schools.swift in Sources */,
				37140E4B223AC78D00945CEB /* TeamsTableViewController.swift in Sources */,
				37140E49223AC03B00945CEB /* SchoolsTableViewController.swift in Sources */,
				37140E37223ABF0100945CEB /* NewSchoolViewController.swift in Sources */,
				37140E51223ACF6800945CEB /* School.swift in Sources */,
			);
			runOnlyForDeploymentPostprocessing = 0;
		};
/* End PBXSourcesBuildPhase section */

/* Begin PBXVariantGroup section */
		37140E3A223ABF0100945CEB /* Main.storyboard */ = {
			isa = PBXVariantGroup;
			children = (
				37140E3B223ABF0100945CEB /* Base */,
			);
			name = Main.storyboard;
			sourceTree = "<group>";
		};
		37140E3F223ABF0200945CEB /* LaunchScreen.storyboard */ = {
			isa = PBXVariantGroup;
			children = (
				37140E40223ABF0200945CEB /* Base */,
			);
			name = LaunchScreen.storyboard;
			sourceTree = "<group>";
		};
/* End PBXVariantGroup section */

/* Begin XCBuildConfiguration section */
		37140E43223ABF0200945CEB /* Debug */ = {
			isa = XCBuildConfiguration;
			buildSettings = {
				ALWAYS_SEARCH_USER_PATHS = NO;
				CLANG_ANALYZER_NONNULL = YES;
				CLANG_ANALYZER_NUMBER_OBJECT_CONVERSION = YES_AGGRESSIVE;
				CLANG_CXX_LANGUAGE_STANDARD = "gnu++14";
				CLANG_CXX_LIBRARY = "libc++";
				CLANG_ENABLE_MODULES = YES;
				CLANG_ENABLE_OBJC_ARC = YES;
				CLANG_ENABLE_OBJC_WEAK = YES;
				CLANG_WARN_BLOCK_CAPTURE_AUTORELEASING = YES;
				CLANG_WARN_BOOL_CONVERSION = YES;
				CLANG_WARN_COMMA = YES;
				CLANG_WARN_CONSTANT_CONVERSION = YES;
				CLANG_WARN_DEPRECATED_OBJC_IMPLEMENTATIONS = YES;
				CLANG_WARN_DIRECT_OBJC_ISA_USAGE = YES_ERROR;
				CLANG_WARN_DOCUMENTATION_COMMENTS = YES;
				CLANG_WARN_EMPTY_BODY = YES;
				CLANG_WARN_ENUM_CONVERSION = YES;
				CLANG_WARN_INFINITE_RECURSION = YES;
				CLANG_WARN_INT_CONVERSION = YES;
				CLANG_WARN_NON_LITERAL_NULL_CONVERSION = YES;
				CLANG_WARN_OBJC_IMPLICIT_RETAIN_SELF = YES;
				CLANG_WARN_OBJC_LITERAL_CONVERSION = YES;
				CLANG_WARN_OBJC_ROOT_CLASS = YES_ERROR;
				CLANG_WARN_RANGE_LOOP_ANALYSIS = YES;
				CLANG_WARN_STRICT_PROTOTYPES = YES;
				CLANG_WARN_SUSPICIOUS_MOVE = YES;
				CLANG_WARN_UNGUARDED_AVAILABILITY = YES_AGGRESSIVE;
				CLANG_WARN_UNREACHABLE_CODE = YES;
				CLANG_WARN__DUPLICATE_METHOD_MATCH = YES;
				CODE_SIGN_IDENTITY = "iPhone Developer";
				COPY_PHASE_STRIP = NO;
				DEBUG_INFORMATION_FORMAT = dwarf;
				ENABLE_STRICT_OBJC_MSGSEND = YES;
				ENABLE_TESTABILITY = YES;
				GCC_C_LANGUAGE_STANDARD = gnu11;
				GCC_DYNAMIC_NO_PIC = NO;
				GCC_NO_COMMON_BLOCKS = YES;
				GCC_OPTIMIZATION_LEVEL = 0;
				GCC_PREPROCESSOR_DEFINITIONS = (
					"DEBUG=1",
					"$(inherited)",
				);
				GCC_WARN_64_TO_32_BIT_CONVERSION = YES;
				GCC_WARN_ABOUT_RETURN_TYPE = YES_ERROR;
				GCC_WARN_UNDECLARED_SELECTOR = YES;
				GCC_WARN_UNINITIALIZED_AUTOS = YES_AGGRESSIVE;
				GCC_WARN_UNUSED_FUNCTION = YES;
				GCC_WARN_UNUSED_VARIABLE = YES;
				IPHONEOS_DEPLOYMENT_TARGET = 12.1;
				MTL_ENABLE_DEBUG_INFO = INCLUDE_SOURCE;
				MTL_FAST_MATH = YES;
				ONLY_ACTIVE_ARCH = YES;
				SDKROOT = iphoneos;
				SWIFT_ACTIVE_COMPILATION_CONDITIONS = DEBUG;
				SWIFT_OPTIMIZATION_LEVEL = "-Onone";
			};
			name = Debug;
		};
		37140E44223ABF0200945CEB /* Release */ = {
			isa = XCBuildConfiguration;
			buildSettings = {
				ALWAYS_SEARCH_USER_PATHS = NO;
				CLANG_ANALYZER_NONNULL = YES;
				CLANG_ANALYZER_NUMBER_OBJECT_CONVERSION = YES_AGGRESSIVE;
				CLANG_CXX_LANGUAGE_STANDARD = "gnu++14";
				CLANG_CXX_LIBRARY = "libc++";
				CLANG_ENABLE_MODULES = YES;
				CLANG_ENABLE_OBJC_ARC = YES;
				CLANG_ENABLE_OBJC_WEAK = YES;
				CLANG_WARN_BLOCK_CAPTURE_AUTORELEASING = YES;
				CLANG_WARN_BOOL_CONVERSION = YES;
				CLANG_WARN_COMMA = YES;
				CLANG_WARN_CONSTANT_CONVERSION = YES;
				CLANG_WARN_DEPRECATED_OBJC_IMPLEMENTATIONS = YES;
				CLANG_WARN_DIRECT_OBJC_ISA_USAGE = YES_ERROR;
				CLANG_WARN_DOCUMENTATION_COMMENTS = YES;
				CLANG_WARN_EMPTY_BODY = YES;
				CLANG_WARN_ENUM_CONVERSION = YES;
				CLANG_WARN_INFINITE_RECURSION = YES;
				CLANG_WARN_INT_CONVERSION = YES;
				CLANG_WARN_NON_LITERAL_NULL_CONVERSION = YES;
				CLANG_WARN_OBJC_IMPLICIT_RETAIN_SELF = YES;
				CLANG_WARN_OBJC_LITERAL_CONVERSION = YES;
				CLANG_WARN_OBJC_ROOT_CLASS = YES_ERROR;
				CLANG_WARN_RANGE_LOOP_ANALYSIS = YES;
				CLANG_WARN_STRICT_PROTOTYPES = YES;
				CLANG_WARN_SUSPICIOUS_MOVE = YES;
				CLANG_WARN_UNGUARDED_AVAILABILITY = YES_AGGRESSIVE;
				CLANG_WARN_UNREACHABLE_CODE = YES;
				CLANG_WARN__DUPLICATE_METHOD_MATCH = YES;
				CODE_SIGN_IDENTITY = "iPhone Developer";
				COPY_PHASE_STRIP = NO;
				DEBUG_INFORMATION_FORMAT = "dwarf-with-dsym";
				ENABLE_NS_ASSERTIONS = NO;
				ENABLE_STRICT_OBJC_MSGSEND = YES;
				GCC_C_LANGUAGE_STANDARD = gnu11;
				GCC_NO_COMMON_BLOCKS = YES;
				GCC_WARN_64_TO_32_BIT_CONVERSION = YES;
				GCC_WARN_ABOUT_RETURN_TYPE = YES_ERROR;
				GCC_WARN_UNDECLARED_SELECTOR = YES;
				GCC_WARN_UNINITIALIZED_AUTOS = YES_AGGRESSIVE;
				GCC_WARN_UNUSED_FUNCTION = YES;
				GCC_WARN_UNUSED_VARIABLE = YES;
				IPHONEOS_DEPLOYMENT_TARGET = 12.1;
				MTL_ENABLE_DEBUG_INFO = NO;
				MTL_FAST_MATH = YES;
				SDKROOT = iphoneos;
				SWIFT_COMPILATION_MODE = wholemodule;
				SWIFT_OPTIMIZATION_LEVEL = "-O";
				VALIDATE_PRODUCT = YES;
			};
			name = Release;
		};
		37140E46223ABF0200945CEB /* Debug */ = {
			isa = XCBuildConfiguration;
			buildSettings = {
				ASSETCATALOG_COMPILER_APPICON_NAME = AppIcon;
				CODE_SIGN_STYLE = Automatic;
				INFOPLIST_FILE = "The Most Awesome Northwest-KC Programming Contest/Info.plist";
				LD_RUNPATH_SEARCH_PATHS = (
					"$(inherited)",
					"@executable_path/Frameworks",
				);
				PRODUCT_BUNDLE_IDENTIFIER = "edu.nwmissouri.The-Most-Awesome-Northwest-KC-Programming-Contest";
				PRODUCT_NAME = "$(TARGET_NAME)";
				SWIFT_VERSION = 4.2;
				TARGETED_DEVICE_FAMILY = "1,2";
			};
			name = Debug;
		};
		37140E47223ABF0200945CEB /* Release */ = {
			isa = XCBuildConfiguration;
			buildSettings = {
				ASSETCATALOG_COMPILER_APPICON_NAME = AppIcon;
				CODE_SIGN_STYLE = Automatic;
				INFOPLIST_FILE = "The Most Awesome Northwest-KC Programming Contest/Info.plist";
				LD_RUNPATH_SEARCH_PATHS = (
					"$(inherited)",
					"@executable_path/Frameworks",
				);
				PRODUCT_BUNDLE_IDENTIFIER = "edu.nwmissouri.The-Most-Awesome-Northwest-KC-Programming-Contest";
				PRODUCT_NAME = "$(TARGET_NAME)";
				SWIFT_VERSION = 4.2;
				TARGETED_DEVICE_FAMILY = "1,2";
			};
			name = Release;
		};
/* End XCBuildConfiguration section */

/* Begin XCConfigurationList section */
		37140E2C223ABF0100945CEB /* Build configuration list for PBXProject "The Most Awesome Northwest-KC Programming Contest" */ = {
			isa = XCConfigurationList;
			buildConfigurations = (
				37140E43223ABF0200945CEB /* Debug */,
				37140E44223ABF0200945CEB /* Release */,
			);
			defaultConfigurationIsVisible = 0;
			defaultConfigurationName = Release;
		};
		37140E45223ABF0200945CEB /* Build configuration list for PBXNativeTarget "The Most Awesome Northwest-KC Programming Contest" */ = {
			isa = XCConfigurationList;
			buildConfigurations = (
				37140E46223ABF0200945CEB /* Debug */,
				37140E47223ABF0200945CEB /* Release */,
			);
			defaultConfigurationIsVisible = 0;
			defaultConfigurationName = Release;
		};
/* End XCConfigurationList section */
	};
	rootObject = 37140E29223ABF0100945CEB /* Project object */;
}
